
Microsoft Visual Studio Solution File, Format Version 12.00
Project("{FAE04EC0-301F-11D3-BF4B-00C04F79EFBC}") = "notification-service", "notification-service\notification-service.csproj", "{D0E581DB-0275-4368-B02C-D3A3661DEC4D}"
EndProject
Project("{2150E333-8FDC-42A3-9474-1A3956D46DE8}") = "Solution Items", "Solution Items", "{03A1EA5B-3DBC-4D1E-BF00-946887B8308B}"
	ProjectSection(SolutionItems) = preProject
		docker-compose.yml = docker-compose.yml
	EndProjectSection
EndProject
Project("{FAE04EC0-301F-11D3-BF4B-00C04F79EFBC}") = "recipient-service", "recipient-service\recipient-service.csproj", "{9D799771-38A9-4E4C-93F8-9F33C4FD2DB6}"
EndProject
Project("{FAE04EC0-301F-11D3-BF4B-00C04F79EFBC}") = "template-service", "template-service\template-service.csproj", "{AE901D58-79AE-4905-BEA2-64EF3D901A82}"
EndProject
Global
	GlobalSection(SolutionConfigurationPlatforms) = preSolution
		Debug|Any CPU = Debug|Any CPU
		Release|Any CPU = Release|Any CPU
	EndGlobalSection
	GlobalSection(ProjectConfigurationPlatforms) = postSolution
		{D0E581DB-0275-4368-B02C-D3A3661DEC4D}.Debug|Any CPU.ActiveCfg = Debug|Any CPU
		{D0E581DB-0275-4368-B02C-D3A3661DEC4D}.Debug|Any CPU.Build.0 = Debug|Any CPU
		{D0E581DB-0275-4368-B02C-D3A3661DEC4D}.Release|Any CPU.ActiveCfg = Release|Any CPU
		{D0E581DB-0275-4368-B02C-D3A3661DEC4D}.Release|Any CPU.Build.0 = Release|Any CPU
		{9D799771-38A9-4E4C-93F8-9F33C4FD2DB6}.Debug|Any CPU.ActiveCfg = Debug|Any CPU
		{9D799771-38A9-4E4C-93F8-9F33C4FD2DB6}.Debug|Any CPU.Build.0 = Debug|Any CPU
		{9D799771-38A9-4E4C-93F8-9F33C4FD2DB6}.Release|Any CPU.ActiveCfg = Release|Any CPU
		{9D799771-38A9-4E4C-93F8-9F33C4FD2DB6}.Release|Any CPU.Build.0 = Release|Any CPU
		{AE901D58-79AE-4905-BEA2-64EF3D901A82}.Debug|Any CPU.ActiveCfg = Debug|Any CPU
		{AE901D58-79AE-4905-BEA2-64EF3D901A82}.Debug|Any CPU.Build.0 = Debug|Any CPU
		{AE901D58-79AE-4905-BEA2-64EF3D901A82}.Release|Any CPU.ActiveCfg = Release|Any CPU
		{AE901D58-79AE-4905-BEA2-64EF3D901A82}.Release|Any CPU.Build.0 = Release|Any CPU
	EndGlobalSection
EndGlobal
